PODS:
  - PMPublicIntTest (0.2.0)

DEPENDENCIES:
  - PMPublicIntTest (= 0.2.0)

SPEC REPOS:
  https://github.com/CocoaPods/Specs.git:
    - PMPublicIntTest

SPEC CHECKSUMS:
  PMPublicIntTest: 2b5d089a15076d54b2850d25028c66c52044cdff

PODFILE CHECKSUM: 89e12d977a0ed73a0708ef0445f8fc0f200d077c

COCOAPODS: 1.16.2
